// !$*UTF8*$!
{
	archiveVersion = 1;
	classes = {
	};
	objectVersion = 50;
	objects = {

/* Begin PBXBuildFile section */
		84A6EE9826D91EDF00EE8A3F /* AppDelegate.swift in Sources */ = {isa = PBXBuildFile; fileRef = 84A6EE9726D91EDF00EE8A3F /* AppDelegate.swift */; };
		84A6EE9A26D91EDF00EE8A3F /* SceneDelegate.swift in Sources */ = {isa = PBXBuildFile; fileRef = 84A6EE9926D91EDF00EE8A3F /* SceneDelegate.swift */; };
		84A6EE9C26D91EDF00EE8A3F /* ContentView.swift in Sources */ = {isa = PBXBuildFile; fileRef = 84A6EE9B26D91EDF00EE8A3F /* ContentView.swift */; };
		84A6EE9E26D91EE200EE8A3F /* Assets.xcassets in Resources */ = {isa = PBXBuildFile; fileRef = 84A6EE9D26D91EE200EE8A3F /* Assets.xcassets */; };
		84A6EEA126D91EE200EE8A3F /* Preview Assets.xcassets in Resources */ = {isa = PBXBuildFile; fileRef = 84A6EEA026D91EE200EE8A3F /* Preview Assets.xcassets */; };
		84A6EEA426D91EE200EE8A3F /* LaunchScreen.storyboard in Resources */ = {isa = PBXBuildFile; fileRef = 84A6EEA226D91EE200EE8A3F /* LaunchScreen.storyboard */; };
/* End PBXBuildFile section */

/* Begin PBXFileReference section */
		84A6EE9426D91EDF00EE8A3F /* LearnSwiftUI-V2.app */ = {isa = PBXFileReference; explicitFileType = wrapper.application; includeInIndex = 0; path = "LearnSwiftUI-V2.app"; sourceTree = BUILT_PRODUCTS_DIR; };
		84A6EE9726D91EDF00EE8A3F /* AppDelegate.swift */ = {isa = PBXFileReference; lastKnownFileType = sourcecode.swift; path = AppDelegate.swift; sourceTree = "<group>"; };
		84A6EE9926D91EDF00EE8A3F /* SceneDelegate.swift */ = {isa = PBXFileReference; lastKnownFileType = sourcecode.swift; path = SceneDelegate.swift; sourceTree = "<group>"; };
		84A6EE9B26D91EDF00EE8A3F /* ContentView.swift */ = {isa = PBXFileReference; lastKnownFileType = sourcecode.swift; path = ContentView.swift; sourceTree = "<group>"; };
		84A6EE9D26D91EE200EE8A3F /* Assets.xcassets */ = {isa = PBXFileReference; lastKnownFileType = folder.assetcatalog; path = Assets.xcassets; sourceTree = "<group>"; };
		84A6EEA026D91EE200EE8A3F /* Preview Assets.xcassets */ = {isa = PBXFileReference; lastKnownFileType = folder.assetcatalog; path = "Preview Assets.xcassets"; sourceTree = "<group>"; };
		84A6EEA326D91EE200EE8A3F /* Base */ = {isa = PBXFileReference; lastKnownFileType = file.storyboard; name = Base; path = Base.lproj/LaunchScreen.storyboard; sourceTree = "<group>"; };
		84A6EEA526D91EE200EE8A3F /* Info.plist */ = {isa = PBXFileReference; lastKnownFileType = text.plist.xml; path = Info.plist; sourceTree = "<group>"; };
/* End PBXFileReference section */

/* Begin PBXFrameworksBuildPhase section */
		84A6EE9126D91EDF00EE8A3F /* Frameworks */ = {
			isa = PBXFrameworksBuildPhase;
			buildActionMask = 2147483647;
			files = (
			);
			runOnlyForDeploymentPostprocessing = 0;
		};
/* End PBXFrameworksBuildPhase section */

/* Begin PBXGroup section */
		84A6EE8B26D91EDF00EE8A3F = {
			isa = PBXGroup;
			children = (
				84A6EE9626D91EDF00EE8A3F /* LearnSwiftUI-V2 */,
				84A6EE9526D91EDF00EE8A3F /* Products */,
			);
			sourceTree = "<group>";
		};
		84A6EE9526D91EDF00EE8A3F /* Products */ = {
			isa = PBXGroup;
			children = (
				84A6EE9426D91EDF00EE8A3F /* LearnSwiftUI-V2.app */,
			);
			name = Products;
			sourceTree = "<group>";
		};
		84A6EE9626D91EDF00EE8A3F /* LearnSwiftUI-V2 */ = {
			isa = PBXGroup;
			children = (
				84A6EE9726D91EDF00EE8A3F /* AppDelegate.swift */,
				84A6EE9926D91EDF00EE8A3F /* SceneDelegate.swift */,
				84A6EE9B26D91EDF00EE8A3F /* ContentView.swift */,
				84A6EE9D26D91EE200EE8A3F /* Assets.xcassets */,
				84A6EEA226D91EE200EE8A3F /* LaunchScreen.storyboard */,
				84A6EEA526D91EE200EE8A3F /* Info.plist */,
				84A6EE9F26D91EE200EE8A3F /* Preview Content */,
			);
			path = "LearnSwiftUI-V2";
			sourceTree = "<group>";
		};
		84A6EE9F26D91EE200EE8A3F /* Preview Content */ = {
			isa = PBXGroup;
			children = (
				84A6EEA026D91EE200EE8A3F /* Preview Assets.xcassets */,
			);
			path = "Preview Content";
			sourceTree = "<group>";
		};
/* End PBXGroup section */

/* Begin PBXNativeTarget section */
		84A6EE9326D91EDF00EE8A3F /* LearnSwiftUI-V2 */ = {
			isa = PBXNativeTarget;
			buildConfigurationList = 84A6EEA826D91EE200EE8A3F /* Build configuration list for PBXNativeTarget "LearnSwiftUI-V2" */;
			buildPhases = (
				84A6EE9026D91EDF00EE8A3F /* Sources */,
				84A6EE9126D91EDF00EE8A3F /* Frameworks */,
				84A6EE9226D91EDF00EE8A3F /* Resources */,
			);
			buildRules = (
			);
			dependencies = (
			);
			name = "LearnSwiftUI-V2";
			productName = "LearnSwiftUI-V2";
			productReference = 84A6EE9426D91EDF00EE8A3F /* LearnSwiftUI-V2.app */;
			productType = "com.apple.product-type.application";
		};
/* End PBXNativeTarget section */

/* Begin PBXProject section */
		84A6EE8C26D91EDF00EE8A3F /* Project object */ = {
			isa = PBXProject;
			attributes = {
				LastSwiftUpdateCheck = 1250;
				LastUpgradeCheck = 1250;
				TargetAttributes = {
					84A6EE9326D91EDF00EE8A3F = {
						CreatedOnToolsVersion = 12.5.1;
					};
				};
			};
			buildConfigurationList = 84A6EE8F26D91EDF00EE8A3F /* Build configuration list for PBXProject "LearnSwiftUI-V2" */;
			compatibilityVersion = "Xcode 9.3";
			developmentRegion = en;
			hasScannedForEncodings = 0;
			knownRegions = (
				en,
				Base,
			);
			mainGroup = 84A6EE8B26D91EDF00EE8A3F;
			productRefGroup = 84A6EE9526D91EDF00EE8A3F /* Products */;
			projectDirPath = "";
			projectRoot = "";
			targets = (
				84A6EE9326D91EDF00EE8A3F /* LearnSwiftUI-V2 */,
			);
		};
/* End PBXProject section */

/* Begin PBXResourcesBuildPhase section */
		84A6EE9226D91EDF00EE8A3F /* Resources */ = {
			isa = PBXResourcesBuildPhase;
			buildActionMask = 2147483647;
			files = (
				84A6EEA426D91EE200EE8A3F /* LaunchScreen.storyboard in Resources */,
				84A6EEA126D91EE200EE8A3F /* Preview Assets.xcassets in Resources */,
				84A6EE9E26D91EE200EE8A3F /* Assets.xcassets in Resources */,
			);
			runOnlyForDeploymentPostprocessing = 0;
		};
/* End PBXResourcesBuildPhase section */

/* Begin PBXSourcesBuildPhase section */
		84A6EE9026D91EDF00EE8A3F /* Sources */ = {
			isa = PBXSourcesBuildPhase;
			buildActionMask = 2147483647;
			files = (
				84A6EE9826D91EDF00EE8A3F /* AppDelegate.swift in Sources */,
				84A6EE9A26D91EDF00EE8A3F /* SceneDelegate.swift in Sources */,
				84A6EE9C26D91EDF00EE8A3F /* ContentView.swift in Sources */,
			);
			runOnlyForDeploymentPostprocessing = 0;
		};
/* End PBXSourcesBuildPhase section */

/* Begin PBXVariantGroup section */
		84A6EEA226D91EE200EE8A3F /* LaunchScreen.storyboard */ = {
			isa = PBXVariantGroup;
			children = (
				84A6EEA326D91EE200EE8A3F /* Base */,
			);
			name = LaunchScreen.storyboard;
			sourceTree = "<group>";
		};
/* End PBXVariantGroup section */

/* Begin XCBuildConfiguration section */
		84A6EEA626D91EE200EE8A3F /* Debug */ = {
			isa = XCBuildConfiguration;
			buildSettings = {
				ALWAYS_SEARCH_USER_PATHS = NO;
				CLANG_ANALYZER_NONNULL = YES;
				CLANG_ANALYZER_NUMBER_OBJECT_CONVERSION = YES_AGGRESSIVE;
				CLANG_CXX_LANGUAGE_STANDARD = "gnu++14";
				CLANG_CXX_LIBRARY = "libc++";
				CLANG_ENABLE_MODULES = YES;
				CLANG_ENABLE_OBJC_ARC = YES;
				CLANG_ENABLE_OBJC_WEAK = YES;
				CLANG_WARN_BLOCK_CAPTURE_AUTORELEASING = YES;
				CLANG_WARN_BOOL_CONVERSION = YES;
				CLANG_WARN_COMMA = YES;
				CLANG_WARN_CONSTANT_CONVERSION = YES;
				CLANG_WARN_DEPRECATED_OBJC_IMPLEMENTATIONS = YES;
				CLANG_WARN_DIRECT_OBJC_ISA_USAGE = YES_ERROR;
				CLANG_WARN_DOCUMENTATION_COMMENTS = YES;
				CLANG_WARN_EMPTY_BODY = YES;
				CLANG_WARN_ENUM_CONVERSION = YES;
				CLANG_WARN_INFINITE_RECURSION = YES;
				CLANG_WARN_INT_CONVERSION = YES;
				CLANG_WARN_NON_LITERAL_NULL_CONVERSION = YES;
				CLANG_WARN_OBJC_IMPLICIT_RETAIN_SELF = YES;
				CLANG_WARN_OBJC_LITERAL_CONVERSION = YES;
				CLANG_WARN_OBJC_ROOT_CLASS = YES_ERROR;
				CLANG_WARN_QUOTED_INCLUDE_IN_FRAMEWORK_HEADER = YES;
				CLANG_WARN_RANGE_LOOP_ANALYSIS = YES;
				CLANG_WARN_STRICT_PROTOTYPES = YES;
				CLANG_WARN_SUSPICIOUS_MOVE = YES;
				CLANG_WARN_UNGUARDED_AVAILABILITY = YES_AGGRESSIVE;
				CLANG_WARN_UNREACHABLE_CODE = YES;
				CLANG_WARN__DUPLICATE_METHOD_MATCH = YES;
				COPY_PHASE_STRIP = NO;
				DEBUG_INFORMATION_FORMAT = dwarf;
				ENABLE_STRICT_OBJC_MSGSEND = YES;
				ENABLE_TESTABILITY = YES;
				GCC_C_LANGUAGE_STANDARD = gnu11;
				GCC_DYNAMIC_NO_PIC = NO;
				GCC_NO_COMMON_BLOCKS = YES;
				GCC_OPTIMIZATION_LEVEL = 0;
				GCC_PREPROCESSOR_DEFINITIONS = (
					"DEBUG=1",
					"$(inherited)",
				);
				GCC_WARN_64_TO_32_BIT_CONVERSION = YES;
				GCC_WARN_ABOUT_RETURN_TYPE = YES_ERROR;
				GCC_WARN_UNDECLARED_SELECTOR = YES;
				GCC_WARN_UNINITIALIZED_AUTOS = YES_AGGRESSIVE;
				GCC_WARN_UNUSED_FUNCTION = YES;
				GCC_WARN_UNUSED_VARIABLE = YES;
				IPHONEOS_DEPLOYMENT_TARGET = 14.5;
				MTL_ENABLE_DEBUG_INFO = INCLUDE_SOURCE;
				MTL_FAST_MATH = YES;
				ONLY_ACTIVE_ARCH = YES;
				SDKROOT = iphoneos;
				SWIFT_ACTIVE_COMPILATION_CONDITIONS = DEBUG;
				SWIFT_OPTIMIZATION_LEVEL = "-Onone";
			};
			name = Debug;
		};
		84A6EEA726D91EE200EE8A3F /* Release */ = {
			isa = XCBuildConfiguration;
			buildSettings = {
				ALWAYS_SEARCH_USER_PATHS = NO;
				CLANG_ANALYZER_NONNULL = YES;
				CLANG_ANALYZER_NUMBER_OBJECT_CONVERSION = YES_AGGRESSIVE;
				CLANG_CXX_LANGUAGE_STANDARD = "gnu++14";
				CLANG_CXX_LIBRARY = "libc++";
				CLANG_ENABLE_MODULES = YES;
				CLANG_ENABLE_OBJC_ARC = YES;
				CLANG_ENABLE_OBJC_WEAK = YES;
				CLANG_WARN_BLOCK_CAPTURE_AUTORELEASING = YES;
				CLANG_WARN_BOOL_CONVERSION = YES;
				CLANG_WARN_COMMA = YES;
				CLANG_WARN_CONSTANT_CONVERSION = YES;
				CLANG_WARN_DEPRECATED_OBJC_IMPLEMENTATIONS = YES;
				CLANG_WARN_DIRECT_OBJC_ISA_USAGE = YES_ERROR;
				CLANG_WARN_DOCUMENTATION_COMMENTS = YES;
				CLANG_WARN_EMPTY_BODY = YES;
				CLANG_WARN_ENUM_CONVERSION = YES;
				CLANG_WARN_INFINITE_RECURSION = YES;
				CLANG_WARN_INT_CONVERSION = YES;
				CLANG_WARN_NON_LITERAL_NULL_CONVERSION = YES;
				CLANG_WARN_OBJC_IMPLICIT_RETAIN_SELF = YES;
				CLANG_WARN_OBJC_LITERAL_CONVERSION = YES;
				CLANG_WARN_OBJC_ROOT_CLASS = YES_ERROR;
				CLANG_WARN_QUOTED_INCLUDE_IN_FRAMEWORK_HEADER = YES;
				CLANG_WARN_RANGE_LOOP_ANALYSIS = YES;
				CLANG_WARN_STRICT_PROTOTYPES = YES;
				CLANG_WARN_SUSPICIOUS_MOVE = YES;
				CLANG_WARN_UNGUARDED_AVAILABILITY = YES_AGGRESSIVE;
				CLANG_WARN_UNREACHABLE_CODE = YES;
				CLANG_WARN__DUPLICATE_METHOD_MATCH = YES;
				COPY_PHASE_STRIP = NO;
				DEBUG_INFORMATION_FORMAT = "dwarf-with-dsym";
				ENABLE_NS_ASSERTIONS = NO;
				ENABLE_STRICT_OBJC_MSGSEND = YES;
				GCC_C_LANGUAGE_STANDARD = gnu11;
				GCC_NO_COMMON_BLOCKS = YES;
				GCC_WARN_64_TO_32_BIT_CONVERSION = YES;
				GCC_WARN_ABOUT_RETURN_TYPE = YES_ERROR;
				GCC_WARN_UNDECLARED_SELECTOR = YES;
				GCC_WARN_UNINITIALIZED_AUTOS = YES_AGGRESSIVE;
				GCC_WARN_UNUSED_FUNCTION = YES;
				GCC_WARN_UNUSED_VARIABLE = YES;
				IPHONEOS_DEPLOYMENT_TARGET = 14.5;
				MTL_ENABLE_DEBUG_INFO = NO;
				MTL_FAST_MATH = YES;
				SDKROOT = iphoneos;
				SWIFT_COMPILATION_MODE = wholemodule;
				SWIFT_OPTIMIZATION_LEVEL = "-O";
				VALIDATE_PRODUCT = YES;
			};
			name = Release;
		};
		84A6EEA926D91EE200EE8A3F /* Debug */ = {
			isa = XCBuildConfiguration;
			buildSettings = {
				ASSETCATALOG_COMPILER_APPICON_NAME = AppIcon;
				ASSETCATALOG_COMPILER_GLOBAL_ACCENT_COLOR_NAME = AccentColor;
				CODE_SIGN_STYLE = Automatic;
				DEVELOPMENT_ASSET_PATHS = "\"LearnSwiftUI-V2/Preview Content\"";
				DEVELOPMENT_TEAM = PH4M8U772M;
				ENABLE_PREVIEWS = YES;
				INFOPLIST_FILE = "LearnSwiftUI-V2/Info.plist";
				LD_RUNPATH_SEARCH_PATHS = (
					"$(inherited)",
					"@executable_path/Frameworks",
				);
				PRODUCT_BUNDLE_IDENTIFIER = "id.RrDev.LearnSwiftUI-V2";
				PRODUCT_NAME = "$(TARGET_NAME)";
				SWIFT_VERSION = 5.0;
				TARGETED_DEVICE_FAMILY = "1,2";
			};
			name = Debug;
		};
		84A6EEAA26D91EE200EE8A3F /* Release */ = {
			isa = XCBuildConfiguration;
			buildSettings = {
				ASSETCATALOG_COMPILER_APPICON_NAME = AppIcon;
				ASSETCATALOG_COMPILER_GLOBAL_ACCENT_COLOR_NAME = AccentColor;
				CODE_SIGN_STYLE = Automatic;
				DEVELOPMENT_ASSET_PATHS = "\"LearnSwiftUI-V2/Preview Content\"";
				DEVELOPMENT_TEAM = PH4M8U772M;
				ENABLE_PREVIEWS = YES;
				INFOPLIST_FILE = "LearnSwiftUI-V2/Info.plist";
				LD_RUNPATH_SEARCH_PATHS = (
					"$(inherited)",
					"@executable_path/Frameworks",
				);
				PRODUCT_BUNDLE_IDENTIFIER = "id.RrDev.LearnSwiftUI-V2";
				PRODUCT_NAME = "$(TARGET_NAME)";
				SWIFT_VERSION = 5.0;
				TARGETED_DEVICE_FAMILY = "1,2";
			};
			name = Release;
		};
/* End XCBuildConfiguration section */

/* Begin XCConfigurationList section */
		84A6EE8F26D91EDF00EE8A3F /* Build configuration list for PBXProject "LearnSwiftUI-V2" */ = {
			isa = XCConfigurationList;
			buildConfigurations = (
				84A6EEA626D91EE200EE8A3F /* Debug */,
				84A6EEA726D91EE200EE8A3F /* Release */,
			);
			defaultConfigurationIsVisible = 0;
			defaultConfigurationName = Release;
		};
		84A6EEA826D91EE200EE8A3F /* Build configuration list for PBXNativeTarget "LearnSwiftUI-V2" */ = {
			isa = XCConfigurationList;
			buildConfigurations = (
				84A6EEA926D91EE200EE8A3F /* Debug */,
				84A6EEAA26D91EE200EE8A3F /* Release */,
			);
			defaultConfigurationIsVisible = 0;
			defaultConfigurationName = Release;
		};
/* End XCConfigurationList section */
	};
	rootObject = 84A6EE8C26D91EDF00EE8A3F /* Project object */;
}
