// !$*UTF8*$!
{
	archiveVersion = 1;
	classes = {
	};
	objectVersion = 51;
	objects = {

/* Begin PBXBuildFile section */
		840E8C5A26DCAE2C00888ACF /* Utilities.swift in Sources */ = {isa = PBXBuildFile; fileRef = 840E8C5926DCAE2C00888ACF /* Utilities.swift */; };
		840E8C5C26DCAEA700888ACF /* NetworkCheckView.swift in Sources */ = {isa = PBXBuildFile; fileRef = 840E8C5B26DCAEA700888ACF /* NetworkCheckView.swift */; };
		847CB91626D9ED8900A1B928 /* LotteryView.swift in Sources */ = {isa = PBXBuildFile; fileRef = 847CB91526D9ED8900A1B928 /* LotteryView.swift */; };
		847CB91826D9F7AA00A1B928 /* DrawShapeView.swift in Sources */ = {isa = PBXBuildFile; fileRef = 847CB91726D9F7AA00A1B928 /* DrawShapeView.swift */; };
		847CB91B26DA116C00A1B928 /* Covid.swift in Sources */ = {isa = PBXBuildFile; fileRef = 847CB91A26DA116C00A1B928 /* Covid.swift */; };
		847CB91D26DA12DD00A1B928 /* ApiService.swift in Sources */ = {isa = PBXBuildFile; fileRef = 847CB91C26DA12DD00A1B928 /* ApiService.swift */; };
		847CB91F26DA168A00A1B928 /* CovidView.swift in Sources */ = {isa = PBXBuildFile; fileRef = 847CB91E26DA168A00A1B928 /* CovidView.swift */; };
		848645EA26DB628D009A5B09 /* AuthUser.swift in Sources */ = {isa = PBXBuildFile; fileRef = 848645E926DB628D009A5B09 /* AuthUser.swift */; };
		84A6EE9826D91EDF00EE8A3F /* AppDelegate.swift in Sources */ = {isa = PBXBuildFile; fileRef = 84A6EE9726D91EDF00EE8A3F /* AppDelegate.swift */; };
		84A6EE9A26D91EDF00EE8A3F /* SceneDelegate.swift in Sources */ = {isa = PBXBuildFile; fileRef = 84A6EE9926D91EDF00EE8A3F /* SceneDelegate.swift */; };
		84A6EE9E26D91EE200EE8A3F /* Assets.xcassets in Resources */ = {isa = PBXBuildFile; fileRef = 84A6EE9D26D91EE200EE8A3F /* Assets.xcassets */; };
		84A6EEA126D91EE200EE8A3F /* Preview Assets.xcassets in Resources */ = {isa = PBXBuildFile; fileRef = 84A6EEA026D91EE200EE8A3F /* Preview Assets.xcassets */; };
		84A6EEA426D91EE200EE8A3F /* LaunchScreen.storyboard in Resources */ = {isa = PBXBuildFile; fileRef = 84A6EEA226D91EE200EE8A3F /* LaunchScreen.storyboard */; };
		84A6EEAF26D91F9700EE8A3F /* LoginView.swift in Sources */ = {isa = PBXBuildFile; fileRef = 84A6EEAE26D91F9700EE8A3F /* LoginView.swift */; };
		84A6EEB126D91FB000EE8A3F /* AuthUserService.swift in Sources */ = {isa = PBXBuildFile; fileRef = 84A6EEB026D91FB000EE8A3F /* AuthUserService.swift */; };
		84A6EEB326D9384400EE8A3F /* GalleryView.swift in Sources */ = {isa = PBXBuildFile; fileRef = 84A6EEB226D9384400EE8A3F /* GalleryView.swift */; };
		84C2679426DCCEE20067B1D1 /* NoteView.swift in Sources */ = {isa = PBXBuildFile; fileRef = 84C2679326DCCEE20067B1D1 /* NoteView.swift */; };
		84C2679626DCCEEF0067B1D1 /* Note.swift in Sources */ = {isa = PBXBuildFile; fileRef = 84C2679526DCCEEF0067B1D1 /* Note.swift */; };
		84C2679926DCD26C0067B1D1 /* NoteViewModel.swift in Sources */ = {isa = PBXBuildFile; fileRef = 84C2679826DCD26C0067B1D1 /* NoteViewModel.swift */; };
		FF9606869F565A83EB636054 /* Pods_LearnSwiftUI_V2.framework in Frameworks */ = {isa = PBXBuildFile; fileRef = 51CEF3CCDE40E9C03EE245B8 /* Pods_LearnSwiftUI_V2.framework */; };
/* End PBXBuildFile section */

/* Begin PBXFileReference section */
		44E4159175354BDBA96B0AB5 /* Pods-LearnSwiftUI-V2.release.xcconfig */ = {isa = PBXFileReference; includeInIndex = 1; lastKnownFileType = text.xcconfig; name = "Pods-LearnSwiftUI-V2.release.xcconfig"; path = "Target Support Files/Pods-LearnSwiftUI-V2/Pods-LearnSwiftUI-V2.release.xcconfig"; sourceTree = "<group>"; };
		51CEF3CCDE40E9C03EE245B8 /* Pods_LearnSwiftUI_V2.framework */ = {isa = PBXFileReference; explicitFileType = wrapper.framework; includeInIndex = 0; path = Pods_LearnSwiftUI_V2.framework; sourceTree = BUILT_PRODUCTS_DIR; };
		8406A2B226DBC236000CC400 /* Alamofire.framework */ = {isa = PBXFileReference; explicitFileType = wrapper.framework; path = Alamofire.framework; sourceTree = BUILT_PRODUCTS_DIR; };
		8406A2B626DBD733000CC400 /* Alamofire.framework */ = {isa = PBXFileReference; explicitFileType = wrapper.framework; path = Alamofire.framework; sourceTree = BUILT_PRODUCTS_DIR; };
		840E8C5926DCAE2C00888ACF /* Utilities.swift */ = {isa = PBXFileReference; lastKnownFileType = sourcecode.swift; path = Utilities.swift; sourceTree = "<group>"; };
		840E8C5B26DCAEA700888ACF /* NetworkCheckView.swift */ = {isa = PBXFileReference; lastKnownFileType = sourcecode.swift; path = NetworkCheckView.swift; sourceTree = "<group>"; };
		847CB91526D9ED8900A1B928 /* LotteryView.swift */ = {isa = PBXFileReference; lastKnownFileType = sourcecode.swift; path = LotteryView.swift; sourceTree = "<group>"; };
		847CB91726D9F7AA00A1B928 /* DrawShapeView.swift */ = {isa = PBXFileReference; lastKnownFileType = sourcecode.swift; path = DrawShapeView.swift; sourceTree = "<group>"; };
		847CB91A26DA116C00A1B928 /* Covid.swift */ = {isa = PBXFileReference; lastKnownFileType = sourcecode.swift; path = Covid.swift; sourceTree = "<group>"; };
		847CB91C26DA12DD00A1B928 /* ApiService.swift */ = {isa = PBXFileReference; lastKnownFileType = sourcecode.swift; path = ApiService.swift; sourceTree = "<group>"; };
		847CB91E26DA168A00A1B928 /* CovidView.swift */ = {isa = PBXFileReference; lastKnownFileType = sourcecode.swift; path = CovidView.swift; sourceTree = "<group>"; };
		848645E926DB628D009A5B09 /* AuthUser.swift */ = {isa = PBXFileReference; lastKnownFileType = sourcecode.swift; path = AuthUser.swift; sourceTree = "<group>"; };
		84A6EE9426D91EDF00EE8A3F /* LearnSwiftUI-V2.app */ = {isa = PBXFileReference; explicitFileType = wrapper.application; includeInIndex = 0; path = "LearnSwiftUI-V2.app"; sourceTree = BUILT_PRODUCTS_DIR; };
		84A6EE9726D91EDF00EE8A3F /* AppDelegate.swift */ = {isa = PBXFileReference; lastKnownFileType = sourcecode.swift; path = AppDelegate.swift; sourceTree = "<group>"; };
		84A6EE9926D91EDF00EE8A3F /* SceneDelegate.swift */ = {isa = PBXFileReference; lastKnownFileType = sourcecode.swift; path = SceneDelegate.swift; sourceTree = "<group>"; };
		84A6EE9D26D91EE200EE8A3F /* Assets.xcassets */ = {isa = PBXFileReference; lastKnownFileType = folder.assetcatalog; path = Assets.xcassets; sourceTree = "<group>"; };
		84A6EEA026D91EE200EE8A3F /* Preview Assets.xcassets */ = {isa = PBXFileReference; lastKnownFileType = folder.assetcatalog; path = "Preview Assets.xcassets"; sourceTree = "<group>"; };
		84A6EEA326D91EE200EE8A3F /* Base */ = {isa = PBXFileReference; lastKnownFileType = file.storyboard; name = Base; path = Base.lproj/LaunchScreen.storyboard; sourceTree = "<group>"; };
		84A6EEA526D91EE200EE8A3F /* Info.plist */ = {isa = PBXFileReference; lastKnownFileType = text.plist.xml; path = Info.plist; sourceTree = "<group>"; };
		84A6EEAE26D91F9700EE8A3F /* LoginView.swift */ = {isa = PBXFileReference; lastKnownFileType = sourcecode.swift; path = LoginView.swift; sourceTree = "<group>"; };
		84A6EEB026D91FB000EE8A3F /* AuthUserService.swift */ = {isa = PBXFileReference; lastKnownFileType = sourcecode.swift; path = AuthUserService.swift; sourceTree = "<group>"; };
		84A6EEB226D9384400EE8A3F /* GalleryView.swift */ = {isa = PBXFileReference; lastKnownFileType = sourcecode.swift; path = GalleryView.swift; sourceTree = "<group>"; };
		84C2679326DCCEE20067B1D1 /* NoteView.swift */ = {isa = PBXFileReference; lastKnownFileType = sourcecode.swift; path = NoteView.swift; sourceTree = "<group>"; };
		84C2679526DCCEEF0067B1D1 /* Note.swift */ = {isa = PBXFileReference; lastKnownFileType = sourcecode.swift; path = Note.swift; sourceTree = "<group>"; };
		84C2679826DCD26C0067B1D1 /* NoteViewModel.swift */ = {isa = PBXFileReference; lastKnownFileType = sourcecode.swift; path = NoteViewModel.swift; sourceTree = "<group>"; };
		C636983DCB14C1608707AB6C /* Pods-LearnSwiftUI-V2.debug.xcconfig */ = {isa = PBXFileReference; includeInIndex = 1; lastKnownFileType = text.xcconfig; name = "Pods-LearnSwiftUI-V2.debug.xcconfig"; path = "Target Support Files/Pods-LearnSwiftUI-V2/Pods-LearnSwiftUI-V2.debug.xcconfig"; sourceTree = "<group>"; };
/* End PBXFileReference section */

/* Begin PBXFrameworksBuildPhase section */
		84A6EE9126D91EDF00EE8A3F /* Frameworks */ = {
			isa = PBXFrameworksBuildPhase;
			buildActionMask = 2147483647;
			files = (
				FF9606869F565A83EB636054 /* Pods_LearnSwiftUI_V2.framework in Frameworks */,
			);
			runOnlyForDeploymentPostprocessing = 0;
		};
/* End PBXFrameworksBuildPhase section */

/* Begin PBXGroup section */
		53CC91598177A9E5CA29AA99 /* Pods */ = {
			isa = PBXGroup;
			children = (
				C636983DCB14C1608707AB6C /* Pods-LearnSwiftUI-V2.debug.xcconfig */,
				44E4159175354BDBA96B0AB5 /* Pods-LearnSwiftUI-V2.release.xcconfig */,
			);
			path = Pods;
			sourceTree = "<group>";
		};
		847CB91926DA042F00A1B928 /* WebService */ = {
			isa = PBXGroup;
			children = (
				84A6EEB026D91FB000EE8A3F /* AuthUserService.swift */,
				847CB91C26DA12DD00A1B928 /* ApiService.swift */,
			);
			path = WebService;
			sourceTree = "<group>";
		};
		84A6EE8B26D91EDF00EE8A3F = {
			isa = PBXGroup;
			children = (
				84A6EE9626D91EDF00EE8A3F /* LearnSwiftUI-V2 */,
				84A6EE9526D91EDF00EE8A3F /* Products */,
				53CC91598177A9E5CA29AA99 /* Pods */,
				C9AF4617E76EB69DA7F2BFBA /* Frameworks */,
			);
			sourceTree = "<group>";
		};
		84A6EE9526D91EDF00EE8A3F /* Products */ = {
			isa = PBXGroup;
			children = (
				84A6EE9426D91EDF00EE8A3F /* LearnSwiftUI-V2.app */,
			);
			name = Products;
			sourceTree = "<group>";
		};
		84A6EE9626D91EDF00EE8A3F /* LearnSwiftUI-V2 */ = {
			isa = PBXGroup;
			children = (
				84C2679726DCD25F0067B1D1 /* ViewModel */,
				847CB91926DA042F00A1B928 /* WebService */,
				84A6EEAD26D91F8100EE8A3F /* Model */,
				84A6EEAC26D91F7600EE8A3F /* Constant */,
				84A6EEAB26D91F7100EE8A3F /* View */,
				84A6EE9726D91EDF00EE8A3F /* AppDelegate.swift */,
				84A6EE9926D91EDF00EE8A3F /* SceneDelegate.swift */,
				84A6EE9D26D91EE200EE8A3F /* Assets.xcassets */,
				84A6EEA226D91EE200EE8A3F /* LaunchScreen.storyboard */,
				84A6EEA526D91EE200EE8A3F /* Info.plist */,
				84A6EE9F26D91EE200EE8A3F /* Preview Content */,
			);
			path = "LearnSwiftUI-V2";
			sourceTree = "<group>";
		};
		84A6EE9F26D91EE200EE8A3F /* Preview Content */ = {
			isa = PBXGroup;
			children = (
				84A6EEA026D91EE200EE8A3F /* Preview Assets.xcassets */,
			);
			path = "Preview Content";
			sourceTree = "<group>";
		};
		84A6EEAB26D91F7100EE8A3F /* View */ = {
			isa = PBXGroup;
			children = (
				84A6EEAE26D91F9700EE8A3F /* LoginView.swift */,
				84A6EEB226D9384400EE8A3F /* GalleryView.swift */,
				847CB91526D9ED8900A1B928 /* LotteryView.swift */,
				847CB91726D9F7AA00A1B928 /* DrawShapeView.swift */,
				847CB91E26DA168A00A1B928 /* CovidView.swift */,
				840E8C5B26DCAEA700888ACF /* NetworkCheckView.swift */,
				84C2679326DCCEE20067B1D1 /* NoteView.swift */,
			);
			path = View;
			sourceTree = "<group>";
		};
		84A6EEAC26D91F7600EE8A3F /* Constant */ = {
			isa = PBXGroup;
			children = (
				840E8C5926DCAE2C00888ACF /* Utilities.swift */,
			);
			path = Constant;
			sourceTree = "<group>";
		};
		84A6EEAD26D91F8100EE8A3F /* Model */ = {
			isa = PBXGroup;
			children = (
				847CB91A26DA116C00A1B928 /* Covid.swift */,
				848645E926DB628D009A5B09 /* AuthUser.swift */,
				84C2679526DCCEEF0067B1D1 /* Note.swift */,
			);
			path = Model;
			sourceTree = "<group>";
		};
		84C2679726DCD25F0067B1D1 /* ViewModel */ = {
			isa = PBXGroup;
			children = (
				84C2679826DCD26C0067B1D1 /* NoteViewModel.swift */,
			);
			path = ViewModel;
			sourceTree = "<group>";
		};
		C9AF4617E76EB69DA7F2BFBA /* Frameworks */ = {
			isa = PBXGroup;
			children = (
				8406A2B626DBD733000CC400 /* Alamofire.framework */,
				8406A2B226DBC236000CC400 /* Alamofire.framework */,
				51CEF3CCDE40E9C03EE245B8 /* Pods_LearnSwiftUI_V2.framework */,
			);
			name = Frameworks;
			sourceTree = "<group>";
		};
/* End PBXGroup section */

/* Begin PBXNativeTarget section */
		84A6EE9326D91EDF00EE8A3F /* LearnSwiftUI-V2 */ = {
			isa = PBXNativeTarget;
			buildConfigurationList = 84A6EEA826D91EE200EE8A3F /* Build configuration list for PBXNativeTarget "LearnSwiftUI-V2" */;
			buildPhases = (
				C466293233CFB08D2D3ABC7C /* [CP] Check Pods Manifest.lock */,
				84A6EE9026D91EDF00EE8A3F /* Sources */,
				84A6EE9126D91EDF00EE8A3F /* Frameworks */,
				84A6EE9226D91EDF00EE8A3F /* Resources */,
				4EA72B9ECE8D8151535A3A70 /* [CP] Embed Pods Frameworks */,
			);
			buildRules = (
			);
			dependencies = (
			);
			name = "LearnSwiftUI-V2";
			productName = "LearnSwiftUI-V2";
			productReference = 84A6EE9426D91EDF00EE8A3F /* LearnSwiftUI-V2.app */;
			productType = "com.apple.product-type.application";
		};
/* End PBXNativeTarget section */

/* Begin PBXProject section */
		84A6EE8C26D91EDF00EE8A3F /* Project object */ = {
			isa = PBXProject;
			attributes = {
				LastSwiftUpdateCheck = 1250;
				LastUpgradeCheck = 1250;
				TargetAttributes = {
					84A6EE9326D91EDF00EE8A3F = {
						CreatedOnToolsVersion = 12.5.1;
					};
				};
			};
			buildConfigurationList = 84A6EE8F26D91EDF00EE8A3F /* Build configuration list for PBXProject "LearnSwiftUI-V2" */;
			compatibilityVersion = "Xcode 9.3";
			developmentRegion = en;
			hasScannedForEncodings = 0;
			knownRegions = (
				en,
				Base,
			);
			mainGroup = 84A6EE8B26D91EDF00EE8A3F;
			productRefGroup = 84A6EE9526D91EDF00EE8A3F /* Products */;
			projectDirPath = "";
			projectRoot = "";
			targets = (
				84A6EE9326D91EDF00EE8A3F /* LearnSwiftUI-V2 */,
			);
		};
/* End PBXProject section */

/* Begin PBXResourcesBuildPhase section */
		84A6EE9226D91EDF00EE8A3F /* Resources */ = {
			isa = PBXResourcesBuildPhase;
			buildActionMask = 2147483647;
			files = (
				84A6EEA426D91EE200EE8A3F /* LaunchScreen.storyboard in Resources */,
				84A6EEA126D91EE200EE8A3F /* Preview Assets.xcassets in Resources */,
				84A6EE9E26D91EE200EE8A3F /* Assets.xcassets in Resources */,
			);
			runOnlyForDeploymentPostprocessing = 0;
		};
/* End PBXResourcesBuildPhase section */

/* Begin PBXShellScriptBuildPhase section */
		4EA72B9ECE8D8151535A3A70 /* [CP] Embed Pods Frameworks */ = {
			isa = PBXShellScriptBuildPhase;
			buildActionMask = 2147483647;
			files = (
			);
			inputFileListPaths = (
				"${PODS_ROOT}/Target Support Files/Pods-LearnSwiftUI-V2/Pods-LearnSwiftUI-V2-frameworks-${CONFIGURATION}-input-files.xcfilelist",
			);
			name = "[CP] Embed Pods Frameworks";
			outputFileListPaths = (
				"${PODS_ROOT}/Target Support Files/Pods-LearnSwiftUI-V2/Pods-LearnSwiftUI-V2-frameworks-${CONFIGURATION}-output-files.xcfilelist",
			);
			runOnlyForDeploymentPostprocessing = 0;
			shellPath = /bin/sh;
			shellScript = "\"${PODS_ROOT}/Target Support Files/Pods-LearnSwiftUI-V2/Pods-LearnSwiftUI-V2-frameworks.sh\"\n";
			showEnvVarsInLog = 0;
		};
		C466293233CFB08D2D3ABC7C /* [CP] Check Pods Manifest.lock */ = {
			isa = PBXShellScriptBuildPhase;
			buildActionMask = 2147483647;
			files = (
			);
			inputFileListPaths = (
			);
			inputPaths = (
				"${PODS_PODFILE_DIR_PATH}/Podfile.lock",
				"${PODS_ROOT}/Manifest.lock",
			);
			name = "[CP] Check Pods Manifest.lock";
			outputFileListPaths = (
			);
			outputPaths = (
				"$(DERIVED_FILE_DIR)/Pods-LearnSwiftUI-V2-checkManifestLockResult.txt",
			);
			runOnlyForDeploymentPostprocessing = 0;
			shellPath = /bin/sh;
			shellScript = "diff \"${PODS_PODFILE_DIR_PATH}/Podfile.lock\" \"${PODS_ROOT}/Manifest.lock\" > /dev/null\nif [ $? != 0 ] ; then\n    # print error to STDERR\n    echo \"error: The sandbox is not in sync with the Podfile.lock. Run 'pod install' or update your CocoaPods installation.\" >&2\n    exit 1\nfi\n# This output is used by Xcode 'outputs' to avoid re-running this script phase.\necho \"SUCCESS\" > \"${SCRIPT_OUTPUT_FILE_0}\"\n";
			showEnvVarsInLog = 0;
		};
/* End PBXShellScriptBuildPhase section */

/* Begin PBXSourcesBuildPhase section */
		84A6EE9026D91EDF00EE8A3F /* Sources */ = {
			isa = PBXSourcesBuildPhase;
			buildActionMask = 2147483647;
			files = (
				84A6EE9826D91EDF00EE8A3F /* AppDelegate.swift in Sources */,
				84A6EEB126D91FB000EE8A3F /* AuthUserService.swift in Sources */,
				84A6EE9A26D91EDF00EE8A3F /* SceneDelegate.swift in Sources */,
				847CB91B26DA116C00A1B928 /* Covid.swift in Sources */,
				84A6EEAF26D91F9700EE8A3F /* LoginView.swift in Sources */,
				84C2679626DCCEEF0067B1D1 /* Note.swift in Sources */,
				84C2679926DCD26C0067B1D1 /* NoteViewModel.swift in Sources */,
				840E8C5C26DCAEA700888ACF /* NetworkCheckView.swift in Sources */,
				848645EA26DB628D009A5B09 /* AuthUser.swift in Sources */,
				840E8C5A26DCAE2C00888ACF /* Utilities.swift in Sources */,
				847CB91D26DA12DD00A1B928 /* ApiService.swift in Sources */,
				847CB91826D9F7AA00A1B928 /* DrawShapeView.swift in Sources */,
				847CB91626D9ED8900A1B928 /* LotteryView.swift in Sources */,
				847CB91F26DA168A00A1B928 /* CovidView.swift in Sources */,
				84C2679426DCCEE20067B1D1 /* NoteView.swift in Sources */,
				84A6EEB326D9384400EE8A3F /* GalleryView.swift in Sources */,
			);
			runOnlyForDeploymentPostprocessing = 0;
		};
/* End PBXSourcesBuildPhase section */

/* Begin PBXVariantGroup section */
		84A6EEA226D91EE200EE8A3F /* LaunchScreen.storyboard */ = {
			isa = PBXVariantGroup;
			children = (
				84A6EEA326D91EE200EE8A3F /* Base */,
			);
			name = LaunchScreen.storyboard;
			sourceTree = "<group>";
		};
/* End PBXVariantGroup section */

/* Begin XCBuildConfiguration section */
		84A6EEA626D91EE200EE8A3F /* Debug */ = {
			isa = XCBuildConfiguration;
			buildSettings = {
				ALWAYS_SEARCH_USER_PATHS = NO;
				CLANG_ANALYZER_NONNULL = YES;
				CLANG_ANALYZER_NUMBER_OBJECT_CONVERSION = YES_AGGRESSIVE;
				CLANG_CXX_LANGUAGE_STANDARD = "gnu++14";
				CLANG_CXX_LIBRARY = "libc++";
				CLANG_ENABLE_MODULES = YES;
				CLANG_ENABLE_OBJC_ARC = YES;
				CLANG_ENABLE_OBJC_WEAK = YES;
				CLANG_WARN_BLOCK_CAPTURE_AUTORELEASING = YES;
				CLANG_WARN_BOOL_CONVERSION = YES;
				CLANG_WARN_COMMA = YES;
				CLANG_WARN_CONSTANT_CONVERSION = YES;
				CLANG_WARN_DEPRECATED_OBJC_IMPLEMENTATIONS = YES;
				CLANG_WARN_DIRECT_OBJC_ISA_USAGE = YES_ERROR;
				CLANG_WARN_DOCUMENTATION_COMMENTS = YES;
				CLANG_WARN_EMPTY_BODY = YES;
				CLANG_WARN_ENUM_CONVERSION = YES;
				CLANG_WARN_INFINITE_RECURSION = YES;
				CLANG_WARN_INT_CONVERSION = YES;
				CLANG_WARN_NON_LITERAL_NULL_CONVERSION = YES;
				CLANG_WARN_OBJC_IMPLICIT_RETAIN_SELF = YES;
				CLANG_WARN_OBJC_LITERAL_CONVERSION = YES;
				CLANG_WARN_OBJC_ROOT_CLASS = YES_ERROR;
				CLANG_WARN_QUOTED_INCLUDE_IN_FRAMEWORK_HEADER = YES;
				CLANG_WARN_RANGE_LOOP_ANALYSIS = YES;
				CLANG_WARN_STRICT_PROTOTYPES = YES;
				CLANG_WARN_SUSPICIOUS_MOVE = YES;
				CLANG_WARN_UNGUARDED_AVAILABILITY = YES_AGGRESSIVE;
				CLANG_WARN_UNREACHABLE_CODE = YES;
				CLANG_WARN__DUPLICATE_METHOD_MATCH = YES;
				COPY_PHASE_STRIP = NO;
				DEBUG_INFORMATION_FORMAT = dwarf;
				ENABLE_STRICT_OBJC_MSGSEND = YES;
				ENABLE_TESTABILITY = YES;
				GCC_C_LANGUAGE_STANDARD = gnu11;
				GCC_DYNAMIC_NO_PIC = NO;
				GCC_NO_COMMON_BLOCKS = YES;
				GCC_OPTIMIZATION_LEVEL = 0;
				GCC_PREPROCESSOR_DEFINITIONS = (
					"DEBUG=1",
					"$(inherited)",
				);
				GCC_WARN_64_TO_32_BIT_CONVERSION = YES;
				GCC_WARN_ABOUT_RETURN_TYPE = YES_ERROR;
				GCC_WARN_UNDECLARED_SELECTOR = YES;
				GCC_WARN_UNINITIALIZED_AUTOS = YES_AGGRESSIVE;
				GCC_WARN_UNUSED_FUNCTION = YES;
				GCC_WARN_UNUSED_VARIABLE = YES;
				IPHONEOS_DEPLOYMENT_TARGET = 14.5;
				MTL_ENABLE_DEBUG_INFO = INCLUDE_SOURCE;
				MTL_FAST_MATH = YES;
				ONLY_ACTIVE_ARCH = YES;
				SDKROOT = iphoneos;
				SWIFT_ACTIVE_COMPILATION_CONDITIONS = DEBUG;
				SWIFT_OPTIMIZATION_LEVEL = "-Onone";
			};
			name = Debug;
		};
		84A6EEA726D91EE200EE8A3F /* Release */ = {
			isa = XCBuildConfiguration;
			buildSettings = {
				ALWAYS_SEARCH_USER_PATHS = NO;
				CLANG_ANALYZER_NONNULL = YES;
				CLANG_ANALYZER_NUMBER_OBJECT_CONVERSION = YES_AGGRESSIVE;
				CLANG_CXX_LANGUAGE_STANDARD = "gnu++14";
				CLANG_CXX_LIBRARY = "libc++";
				CLANG_ENABLE_MODULES = YES;
				CLANG_ENABLE_OBJC_ARC = YES;
				CLANG_ENABLE_OBJC_WEAK = YES;
				CLANG_WARN_BLOCK_CAPTURE_AUTORELEASING = YES;
				CLANG_WARN_BOOL_CONVERSION = YES;
				CLANG_WARN_COMMA = YES;
				CLANG_WARN_CONSTANT_CONVERSION = YES;
				CLANG_WARN_DEPRECATED_OBJC_IMPLEMENTATIONS = YES;
				CLANG_WARN_DIRECT_OBJC_ISA_USAGE = YES_ERROR;
				CLANG_WARN_DOCUMENTATION_COMMENTS = YES;
				CLANG_WARN_EMPTY_BODY = YES;
				CLANG_WARN_ENUM_CONVERSION = YES;
				CLANG_WARN_INFINITE_RECURSION = YES;
				CLANG_WARN_INT_CONVERSION = YES;
				CLANG_WARN_NON_LITERAL_NULL_CONVERSION = YES;
				CLANG_WARN_OBJC_IMPLICIT_RETAIN_SELF = YES;
				CLANG_WARN_OBJC_LITERAL_CONVERSION = YES;
				CLANG_WARN_OBJC_ROOT_CLASS = YES_ERROR;
				CLANG_WARN_QUOTED_INCLUDE_IN_FRAMEWORK_HEADER = YES;
				CLANG_WARN_RANGE_LOOP_ANALYSIS = YES;
				CLANG_WARN_STRICT_PROTOTYPES = YES;
				CLANG_WARN_SUSPICIOUS_MOVE = YES;
				CLANG_WARN_UNGUARDED_AVAILABILITY = YES_AGGRESSIVE;
				CLANG_WARN_UNREACHABLE_CODE = YES;
				CLANG_WARN__DUPLICATE_METHOD_MATCH = YES;
				COPY_PHASE_STRIP = NO;
				DEBUG_INFORMATION_FORMAT = "dwarf-with-dsym";
				ENABLE_NS_ASSERTIONS = NO;
				ENABLE_STRICT_OBJC_MSGSEND = YES;
				GCC_C_LANGUAGE_STANDARD = gnu11;
				GCC_NO_COMMON_BLOCKS = YES;
				GCC_WARN_64_TO_32_BIT_CONVERSION = YES;
				GCC_WARN_ABOUT_RETURN_TYPE = YES_ERROR;
				GCC_WARN_UNDECLARED_SELECTOR = YES;
				GCC_WARN_UNINITIALIZED_AUTOS = YES_AGGRESSIVE;
				GCC_WARN_UNUSED_FUNCTION = YES;
				GCC_WARN_UNUSED_VARIABLE = YES;
				IPHONEOS_DEPLOYMENT_TARGET = 14.5;
				MTL_ENABLE_DEBUG_INFO = NO;
				MTL_FAST_MATH = YES;
				SDKROOT = iphoneos;
				SWIFT_COMPILATION_MODE = wholemodule;
				SWIFT_OPTIMIZATION_LEVEL = "-O";
				VALIDATE_PRODUCT = YES;
			};
			name = Release;
		};
		84A6EEA926D91EE200EE8A3F /* Debug */ = {
			isa = XCBuildConfiguration;
			baseConfigurationReference = C636983DCB14C1608707AB6C /* Pods-LearnSwiftUI-V2.debug.xcconfig */;
			buildSettings = {
				ASSETCATALOG_COMPILER_APPICON_NAME = AppIcon;
				ASSETCATALOG_COMPILER_GLOBAL_ACCENT_COLOR_NAME = AccentColor;
				CODE_SIGN_STYLE = Automatic;
				DEVELOPMENT_ASSET_PATHS = "\"LearnSwiftUI-V2/Preview Content\"";
				DEVELOPMENT_TEAM = PH4M8U772M;
				ENABLE_PREVIEWS = YES;
				INFOPLIST_FILE = "LearnSwiftUI-V2/Info.plist";
				LD_RUNPATH_SEARCH_PATHS = (
					"$(inherited)",
					"@executable_path/Frameworks",
				);
				PRODUCT_BUNDLE_IDENTIFIER = "id.RrDev.LearnSwiftUI-V2";
				PRODUCT_NAME = "$(TARGET_NAME)";
				SWIFT_VERSION = 5.0;
				TARGETED_DEVICE_FAMILY = "1,2";
			};
			name = Debug;
		};
		84A6EEAA26D91EE200EE8A3F /* Release */ = {
			isa = XCBuildConfiguration;
			baseConfigurationReference = 44E4159175354BDBA96B0AB5 /* Pods-LearnSwiftUI-V2.release.xcconfig */;
			buildSettings = {
				ASSETCATALOG_COMPILER_APPICON_NAME = AppIcon;
				ASSETCATALOG_COMPILER_GLOBAL_ACCENT_COLOR_NAME = AccentColor;
				CODE_SIGN_STYLE = Automatic;
				DEVELOPMENT_ASSET_PATHS = "\"LearnSwiftUI-V2/Preview Content\"";
				DEVELOPMENT_TEAM = PH4M8U772M;
				ENABLE_PREVIEWS = YES;
				INFOPLIST_FILE = "LearnSwiftUI-V2/Info.plist";
				LD_RUNPATH_SEARCH_PATHS = (
					"$(inherited)",
					"@executable_path/Frameworks",
				);
				PRODUCT_BUNDLE_IDENTIFIER = "id.RrDev.LearnSwiftUI-V2";
				PRODUCT_NAME = "$(TARGET_NAME)";
				SWIFT_VERSION = 5.0;
				TARGETED_DEVICE_FAMILY = "1,2";
			};
			name = Release;
		};
/* End XCBuildConfiguration section */

/* Begin XCConfigurationList section */
		84A6EE8F26D91EDF00EE8A3F /* Build configuration list for PBXProject "LearnSwiftUI-V2" */ = {
			isa = XCConfigurationList;
			buildConfigurations = (
				84A6EEA626D91EE200EE8A3F /* Debug */,
				84A6EEA726D91EE200EE8A3F /* Release */,
			);
			defaultConfigurationIsVisible = 0;
			defaultConfigurationName = Release;
		};
		84A6EEA826D91EE200EE8A3F /* Build configuration list for PBXNativeTarget "LearnSwiftUI-V2" */ = {
			isa = XCConfigurationList;
			buildConfigurations = (
				84A6EEA926D91EE200EE8A3F /* Debug */,
				84A6EEAA26D91EE200EE8A3F /* Release */,
			);
			defaultConfigurationIsVisible = 0;
			defaultConfigurationName = Release;
		};
/* End XCConfigurationList section */
	};
	rootObject = 84A6EE8C26D91EDF00EE8A3F /* Project object */;
}
